{
  "projects": [
    {
      "projectId": "seaQhLVS4bbjiGvJJrRwyL",
      "version": "15.0.3",
      "dependencies": {},
      "lang": "js",
      "fileLocks": [
        {
          "assetId": "seaQhLVS4bbjiGvJJrRwyL",
          "type": "projectCss",
          "checksum": "dc88471beadb978e51eb3ceb75d10fdb"
        }
      ]
    },
    {
      "projectId": "jHHdDD9kiFsjRVJS1eJMvp",
      "version": "latest",
      "dependencies": {
        "seaQhLVS4bbjiGvJJrRwyL": "15.0.3"
      },
      "lang": "js",
      "fileLocks": [
        {
          "type": "globalVariant",
          "assetId": "GxM0ag4MM7Q9lh",
          "checksum": "613808937c6b0ca9a7aef17ffc03dfd9"
        },
        {
          "type": "renderModule",
          "assetId": "xHFH2ExMjPDK-",
          "checksum": "6b3addd4a9ffd532ff9a31bb9928ce84"
        },
        {
          "type": "cssRules",
          "assetId": "xHFH2ExMjPDK-",
          "checksum": "6b3addd4a9ffd532ff9a31bb9928ce84"
        },
        {
          "type": "renderModule",
          "assetId": "R1sUOuDMPS_Ou",
          "checksum": "ed8734b60d203f7b165dcf81e89a3565"
        },
        {
          "type": "cssRules",
          "assetId": "R1sUOuDMPS_Ou",
          "checksum": "ed8734b60d203f7b165dcf81e89a3565"
        },
        {
          "type": "renderModule",
          "assetId": "U0KVUWNB-Mh-p",
          "checksum": "d07fde8ca81b19d948b44b5c1de3f61a"
        },
        {
          "type": "cssRules",
          "assetId": "U0KVUWNB-Mh-p",
          "checksum": "d07fde8ca81b19d948b44b5c1de3f61a"
        },
        {
          "type": "renderModule",
          "assetId": "nSop9xAVcZVjh",
          "checksum": "68610100176934bf96c3f590ee4278a9"
        },
        {
          "type": "cssRules",
          "assetId": "nSop9xAVcZVjh",
          "checksum": "68610100176934bf96c3f590ee4278a9"
        },
        {
          "type": "renderModule",
          "assetId": "-f95hAJam_z4S",
          "checksum": "123103c687b28e2ec745b502d5fe5470"
        },
        {
          "type": "cssRules",
          "assetId": "-f95hAJam_z4S",
          "checksum": "123103c687b28e2ec745b502d5fe5470"
        },
        {
          "type": "renderModule",
          "assetId": "AxbusRejm19Ef",
          "checksum": "7e4f6c4bf0e39ca812d5c510e4063aa4"
        },
        {
          "type": "cssRules",
          "assetId": "AxbusRejm19Ef",
          "checksum": "7e4f6c4bf0e39ca812d5c510e4063aa4"
        },
        {
          "type": "renderModule",
          "assetId": "kVj9n2MFnptEX",
          "checksum": "b01cedd952fcb5b7383c4f26b4bd0172"
        },
        {
          "type": "cssRules",
          "assetId": "kVj9n2MFnptEX",
          "checksum": "b01cedd952fcb5b7383c4f26b4bd0172"
        },
        {
          "type": "renderModule",
          "assetId": "ZPwsyIHx1QSe-",
          "checksum": "ad2e88c5ba99637ea80162453c602b9d"
        },
        {
          "type": "cssRules",
          "assetId": "ZPwsyIHx1QSe-",
          "checksum": "ad2e88c5ba99637ea80162453c602b9d"
        },
        {
          "type": "renderModule",
          "assetId": "juLhzc6Ve2dG0",
          "checksum": "76f9547d062c9c8e0f2589bc8df1764c"
        },
        {
          "type": "cssRules",
          "assetId": "juLhzc6Ve2dG0",
          "checksum": "76f9547d062c9c8e0f2589bc8df1764c"
        },
        {
          "type": "renderModule",
          "assetId": "NB5EcFQNDV9Ooo",
          "checksum": "48e248ba540abcf222d855f6fa3169dc"
        },
        {
          "type": "cssRules",
          "assetId": "NB5EcFQNDV9Ooo",
          "checksum": "48e248ba540abcf222d855f6fa3169dc"
        },
        {
          "type": "renderModule",
          "assetId": "6P24TOmjs7D8O9",
          "checksum": "f47972af8ab3d6571d08f910c204f928"
        },
        {
          "type": "cssRules",
          "assetId": "6P24TOmjs7D8O9",
          "checksum": "f47972af8ab3d6571d08f910c204f928"
        },
        {
          "type": "renderModule",
          "assetId": "HmtTopYZ0u7GxD",
          "checksum": "cbff6be5f10dcc72488a27559aa0a88f"
        },
        {
          "type": "cssRules",
          "assetId": "HmtTopYZ0u7GxD",
          "checksum": "cbff6be5f10dcc72488a27559aa0a88f"
        },
        {
          "type": "renderModule",
          "assetId": "qx3fX-IiOoS3L0",
          "checksum": "d952dc6763b7219f5d1ca9b71df609fe"
        },
        {
          "type": "cssRules",
          "assetId": "qx3fX-IiOoS3L0",
          "checksum": "d952dc6763b7219f5d1ca9b71df609fe"
        },
        {
          "type": "renderModule",
          "assetId": "H_TJKYLcWwLl-L",
          "checksum": "fe4fbc40071da3716f8147f49c85d563"
        },
        {
          "type": "cssRules",
          "assetId": "H_TJKYLcWwLl-L",
          "checksum": "fe4fbc40071da3716f8147f49c85d563"
        },
        {
          "type": "renderModule",
          "assetId": "edE_IrAYgXRd_p",
          "checksum": "665d83bc58f4cee1deac8a0246630873"
        },
        {
          "type": "cssRules",
          "assetId": "edE_IrAYgXRd_p",
          "checksum": "665d83bc58f4cee1deac8a0246630873"
        },
        {
          "type": "renderModule",
          "assetId": "jyd0Bc1WZKTI34",
          "checksum": "648f3f279d22c1b1bc31917f1bc858cd"
        },
        {
          "type": "cssRules",
          "assetId": "jyd0Bc1WZKTI34",
          "checksum": "648f3f279d22c1b1bc31917f1bc858cd"
        },
        {
          "type": "renderModule",
          "assetId": "5eIEars84bgmUW",
          "checksum": "d7a5d7f83398f341d61a90e755ccc97e"
        },
        {
          "type": "cssRules",
          "assetId": "5eIEars84bgmUW",
          "checksum": "d7a5d7f83398f341d61a90e755ccc97e"
        },
        {
          "type": "image",
          "assetId": "LfJ8PJg57MXxqS",
          "checksum": "d88d2ca9811288ed390e98b68d1b901e"
        },
        {
          "type": "image",
          "assetId": "af8zJS1VBmPNOz",
          "checksum": "18d70157640cdc6906179aae918253fe"
        },
        {
          "type": "image",
          "assetId": "al3i9JguzjLWwT",
          "checksum": "a8cba8ae877812c679277ce872afecec"
        },
        {
          "type": "image",
          "assetId": "13cjBjjkDHsQR6",
          "checksum": "8929adf9dc913fc5a1cd02fb96863a12"
        },
        {
          "assetId": "jHHdDD9kiFsjRVJS1eJMvp",
          "type": "projectCss",
          "checksum": "a4de533e95b30e2d7e6d239d8a2ee431"
        },
        {
          "type": "icon",
          "assetId": "E-oh_hl5nayg4_",
          "checksum": "8bf6a08d32dee53b0e170b36910448e0"
        },
        {
          "type": "icon",
          "assetId": "gX8TYeEzC9CRjz",
          "checksum": "cd7ea3ddc28a85153d4114f99d829179"
        },
        {
          "type": "icon",
          "assetId": "ezwHqDUwYeMmhy",
          "checksum": "d90ca4bed6986870b1b6c1bda0c4ec1e"
        },
        {
          "type": "icon",
          "assetId": "fVCtV8pd0j33vN",
          "checksum": "b7e0e069680af4fd5417737398b738bd"
        },
        {
          "type": "icon",
          "assetId": "oMGYkedToxtMJh",
          "checksum": "232b710b4b33091ecb347f72f30f770c"
        },
        {
          "type": "icon",
          "assetId": "6VDJr_rS0JLtv1",
          "checksum": "117b85f50f963c8b0c725038c2b8736b"
        },
        {
          "type": "icon",
          "assetId": "pVSsc8p9IRs5Am",
          "checksum": "c77f9485ec5b89e3a371f2e52f0aa87e"
        },
        {
          "type": "icon",
          "assetId": "rrET5AqYqyLhqV",
          "checksum": "2c432b1ad93631f21f001f87c09a18c9"
        },
        {
          "type": "icon",
          "assetId": "h7CP2h4Wv8NGFN",
          "checksum": "5ecda9beb1be30b7a91ed51c6e426ed4"
        },
        {
          "type": "icon",
          "assetId": "gbKf214GkPpcet",
          "checksum": "4754cbbce2eca95b24b7694789970de2"
        },
        {
          "type": "icon",
          "assetId": "Alo3DxYN1DvAN0",
          "checksum": "6d8d4744fd30b9b8bdb2c0d5f3a4a085"
        },
        {
          "type": "icon",
          "assetId": "MNHGQIRObDe0BQ",
          "checksum": "7e773b28cb77a228e2f2828a9b725bcb"
        },
        {
          "type": "icon",
          "assetId": "dC_c8JSC1N6J9m",
          "checksum": "abb9d0d1169218828f778cb8bf8a3f6d"
        },
        {
          "type": "icon",
          "assetId": "tXcxduxEWb6H5Q",
          "checksum": "88c3e47a3a7ee40cb2ccf8da89311a58"
        },
        {
          "type": "icon",
          "assetId": "htpzURn0QCTQ4N",
          "checksum": "54a7686c9bc95eda9f91ef357f70208d"
        },
        {
          "type": "icon",
          "assetId": "e2SgPNfmBX0Trx",
          "checksum": "16896ef81ed469b00c5d87b79856d888"
        },
        {
          "type": "icon",
          "assetId": "fCzKRusep2KIEC",
          "checksum": "520bf33d75212d3aee99b6a50657628e"
        },
        {
          "type": "icon",
          "assetId": "-NccFuRBy78EjI",
          "checksum": "3dfe12e45554915907ec4a67367690e2"
        },
        {
          "type": "icon",
          "assetId": "XPOZQzMz1EYgoE",
          "checksum": "2aeb00bdf5aa3fec7f9a2fe79c6ac12a"
        }
      ]
    }
  ],
  "cliVersion": "0.1.136"
}
